
Microsoft Visual Studio Solution File, Format Version 12.00
# Visual Studio Version 17
VisualStudioVersion = 17.9.34310.174
MinimumVisualStudioVersion = 10.0.40219.1
Project("{9A19103F-16F7-4668-BE54-9A1E7A4F7556}") = "ShopApp", "ShopApp.csproj", "{10C6FAE6-CAC9-491A-B278-DEDC8ABCA268}"
EndProject
Project("{FAE04EC0-301F-11D3-BF4B-00C04F79EFBC}") = "ShopApp.DataAccess", "..\ShopApp.DataAccess\ShopApp.DataAccess.csproj", "{249E2AD0-3B32-4352-B60E-A776D3E38461}"
EndProject
Project("{FAE04EC0-301F-11D3-BF4B-00C04F79EFBC}") = "ShopApp.Models", "..\ShopApp.Models\ShopApp.Models.csproj", "{BCF7892F-399C-46C4-83EC-C9F7E57AD25A}"
EndProject
Project("{FAE04EC0-301F-11D3-BF4B-00C04F79EFBC}") = "ShopApp.Utility", "..\ShopApp.Utility\ShopApp.Utility.csproj", "{B6D47737-3BEA-4B87-8244-BFA548C47ED7}"
EndProject
Global
	GlobalSection(SolutionConfigurationPlatforms) = preSolution
		Debug|Any CPU = Debug|Any CPU
		Release|Any CPU = Release|Any CPU
	EndGlobalSection
	GlobalSection(ProjectConfigurationPlatforms) = postSolution
		{10C6FAE6-CAC9-491A-B278-DEDC8ABCA268}.Debug|Any CPU.ActiveCfg = Debug|Any CPU
		{10C6FAE6-CAC9-491A-B278-DEDC8ABCA268}.Debug|Any CPU.Build.0 = Debug|Any CPU
		{10C6FAE6-CAC9-491A-B278-DEDC8ABCA268}.Release|Any CPU.ActiveCfg = Release|Any CPU
		{10C6FAE6-CAC9-491A-B278-DEDC8ABCA268}.Release|Any CPU.Build.0 = Release|Any CPU
		{249E2AD0-3B32-4352-B60E-A776D3E38461}.Debug|Any CPU.ActiveCfg = Debug|Any CPU
		{249E2AD0-3B32-4352-B60E-A776D3E38461}.Debug|Any CPU.Build.0 = Debug|Any CPU
		{249E2AD0-3B32-4352-B60E-A776D3E38461}.Release|Any CPU.ActiveCfg = Release|Any CPU
		{249E2AD0-3B32-4352-B60E-A776D3E38461}.Release|Any CPU.Build.0 = Release|Any CPU
		{BCF7892F-399C-46C4-83EC-C9F7E57AD25A}.Debug|Any CPU.ActiveCfg = Debug|Any CPU
		{BCF7892F-399C-46C4-83EC-C9F7E57AD25A}.Debug|Any CPU.Build.0 = Debug|Any CPU
		{BCF7892F-399C-46C4-83EC-C9F7E57AD25A}.Release|Any CPU.ActiveCfg = Release|Any CPU
		{BCF7892F-399C-46C4-83EC-C9F7E57AD25A}.Release|Any CPU.Build.0 = Release|Any CPU
		{B6D47737-3BEA-4B87-8244-BFA548C47ED7}.Debug|Any CPU.ActiveCfg = Debug|Any CPU
		{B6D47737-3BEA-4B87-8244-BFA548C47ED7}.Debug|Any CPU.Build.0 = Debug|Any CPU
		{B6D47737-3BEA-4B87-8244-BFA548C47ED7}.Release|Any CPU.ActiveCfg = Release|Any CPU
		{B6D47737-3BEA-4B87-8244-BFA548C47ED7}.Release|Any CPU.Build.0 = Release|Any CPU
	EndGlobalSection
	GlobalSection(SolutionProperties) = preSolution
		HideSolutionNode = FALSE
	EndGlobalSection
	GlobalSection(ExtensibilityGlobals) = postSolution
		SolutionGuid = {85B27E54-084F-4CAB-832F-FB6283600085}
	EndGlobalSection
EndGlobal
